
Microsoft Visual Studio Solution File, Format Version 12.00
# Visual Studio Version 16
VisualStudioVersion = 16.0.31129.286
MinimumVisualStudioVersion = 10.0.40219.1
Project("{9A19103F-16F7-4668-BE54-9A1E7A4F7556}") = "SmallHax.MessageSystem", "SmallHax.MessageSystem\SmallHax.MessageSystem.csproj", "{426AC0E4-2AB2-49D7-B401-CE7C0B1B70C2}"
EndProject
Project("{FAE04EC0-301F-11D3-BF4B-00C04F79EFBC}") = "SmallHax.MessageSystem.Tests", "SmallHax.MessageSystem.Tests\SmallHax.MessageSystem.Tests.csproj", "{07724B4F-FB33-402F-A655-AA9A2846F432}"
EndProject
Global
	GlobalSection(SolutionConfigurationPlatforms) = preSolution
		Debug|Any CPU = Debug|Any CPU
		Release|Any CPU = Release|Any CPU
	EndGlobalSection
	GlobalSection(ProjectConfigurationPlatforms) = postSolution
		{426AC0E4-2AB2-49D7-B401-CE7C0B1B70C2}.Debug|Any CPU.ActiveCfg = Debug|Any CPU
		{426AC0E4-2AB2-49D7-B401-CE7C0B1B70C2}.Debug|Any CPU.Build.0 = Debug|Any CPU
		{426AC0E4-2AB2-49D7-B401-CE7C0B1B70C2}.Release|Any CPU.ActiveCfg = Release|Any CPU
		{426AC0E4-2AB2-49D7-B401-CE7C0B1B70C2}.Release|Any CPU.Build.0 = Release|Any CPU
		{07724B4F-FB33-402F-A655-AA9A2846F432}.Debug|Any CPU.ActiveCfg = Debug|Any CPU
		{07724B4F-FB33-402F-A655-AA9A2846F432}.Debug|Any CPU.Build.0 = Debug|Any CPU
		{07724B4F-FB33-402F-A655-AA9A2846F432}.Release|Any CPU.ActiveCfg = Release|Any CPU
		{07724B4F-FB33-402F-A655-AA9A2846F432}.Release|Any CPU.Build.0 = Release|Any CPU
	EndGlobalSection
	GlobalSection(SolutionProperties) = preSolution
		HideSolutionNode = FALSE
	EndGlobalSection
	GlobalSection(ExtensibilityGlobals) = postSolution
		SolutionGuid = {89D58FC8-6884-410A-94F2-B41071C78F7C}
	EndGlobalSection
EndGlobal
